
Microsoft Visual Studio Solution File, Format Version 12.00
# Visual Studio 15
VisualStudioVersion = 15.0.28010.2048
MinimumVisualStudioVersion = 10.0.40219.1
Project("{FAE04EC0-301F-11D3-BF4B-00C04F79EFBC}") = "FloLab.Core", "FloLab.Core\FloLab.Core.csproj", "{AAB16903-8E3F-4B23-8832-5D0059DE6E75}"
EndProject
Project("{FAE04EC0-301F-11D3-BF4B-00C04F79EFBC}") = "FloLab.Infrastructure", "FloLab.Infrastructure\FloLab.Infrastructure.csproj", "{B274236F-3ADD-4809-A12C-7E5193CC6D54}"
EndProject
Project("{9344BDBB-3E7F-41FC-A0DD-8665D75EE146}") = "FloLab.Web", "FloLab.Web\FloLab.Web.csproj", "{4298B2F3-F2BA-4427-81B1-3FE698C464FE}"
EndProject
Global
	GlobalSection(SolutionConfigurationPlatforms) = preSolution
		Debug|Any CPU = Debug|Any CPU
		Release|Any CPU = Release|Any CPU
	EndGlobalSection
	GlobalSection(ProjectConfigurationPlatforms) = postSolution
		{AAB16903-8E3F-4B23-8832-5D0059DE6E75}.Debug|Any CPU.ActiveCfg = Debug|Any CPU
		{AAB16903-8E3F-4B23-8832-5D0059DE6E75}.Debug|Any CPU.Build.0 = Debug|Any CPU
		{AAB16903-8E3F-4B23-8832-5D0059DE6E75}.Release|Any CPU.ActiveCfg = Release|Any CPU
		{AAB16903-8E3F-4B23-8832-5D0059DE6E75}.Release|Any CPU.Build.0 = Release|Any CPU
		{B274236F-3ADD-4809-A12C-7E5193CC6D54}.Debug|Any CPU.ActiveCfg = Debug|Any CPU
		{B274236F-3ADD-4809-A12C-7E5193CC6D54}.Debug|Any CPU.Build.0 = Debug|Any CPU
		{B274236F-3ADD-4809-A12C-7E5193CC6D54}.Release|Any CPU.ActiveCfg = Release|Any CPU
		{B274236F-3ADD-4809-A12C-7E5193CC6D54}.Release|Any CPU.Build.0 = Release|Any CPU
		{4298B2F3-F2BA-4427-81B1-3FE698C464FE}.Debug|Any CPU.ActiveCfg = Debug|Any CPU
		{4298B2F3-F2BA-4427-81B1-3FE698C464FE}.Debug|Any CPU.Build.0 = Debug|Any CPU
		{4298B2F3-F2BA-4427-81B1-3FE698C464FE}.Release|Any CPU.ActiveCfg = Release|Any CPU
		{4298B2F3-F2BA-4427-81B1-3FE698C464FE}.Release|Any CPU.Build.0 = Release|Any CPU
	EndGlobalSection
	GlobalSection(SolutionProperties) = preSolution
		HideSolutionNode = FALSE
	EndGlobalSection
	GlobalSection(ExtensibilityGlobals) = postSolution
		SolutionGuid = {860B6FFA-E6CD-4FFE-BFDF-FE6CA7F64514}
	EndGlobalSection
EndGlobal
